// !$*UTF8*$!
{
	archiveVersion = 1;
	classes = {
	};
	objectVersion = 50;
	objects = {

/* Begin PBXBuildFile section */
		B3D400402812B1C2007B4A38 /* AppDelegate.swift in Sources */ = {isa = PBXBuildFile; fileRef = B3D4003F2812B1C2007B4A38 /* AppDelegate.swift */; };
		B3D400422812B1C2007B4A38 /* SceneDelegate.swift in Sources */ = {isa = PBXBuildFile; fileRef = B3D400412812B1C2007B4A38 /* SceneDelegate.swift */; };
		B3D400442812B1C2007B4A38 /* ViewController.swift in Sources */ = {isa = PBXBuildFile; fileRef = B3D400432812B1C2007B4A38 /* ViewController.swift */; };
		B3D400472812B1C2007B4A38 /* Main.storyboard in Resources */ = {isa = PBXBuildFile; fileRef = B3D400452812B1C2007B4A38 /* Main.storyboard */; };
		B3D400492812B1C5007B4A38 /* Assets.xcassets in Resources */ = {isa = PBXBuildFile; fileRef = B3D400482812B1C5007B4A38 /* Assets.xcassets */; };
		B3D4004C2812B1C5007B4A38 /* LaunchScreen.storyboard in Resources */ = {isa = PBXBuildFile; fileRef = B3D4004A2812B1C5007B4A38 /* LaunchScreen.storyboard */; };
		B3D400572812B1C5007B4A38 /* sampleTests.swift in Sources */ = {isa = PBXBuildFile; fileRef = B3D400562812B1C5007B4A38 /* sampleTests.swift */; };
		B3D400622812B1C5007B4A38 /* sampleUITests.swift in Sources */ = {isa = PBXBuildFile; fileRef = B3D400612812B1C5007B4A38 /* sampleUITests.swift */; };
/* End PBXBuildFile section */

/* Begin PBXContainerItemProxy section */
		B3D400532812B1C5007B4A38 /* PBXContainerItemProxy */ = {
			isa = PBXContainerItemProxy;
			containerPortal = B3D400342812B1C2007B4A38 /* Project object */;
			proxyType = 1;
			remoteGlobalIDString = B3D4003B2812B1C2007B4A38;
			remoteInfo = sample;
		};
		B3D4005E2812B1C5007B4A38 /* PBXContainerItemProxy */ = {
			isa = PBXContainerItemProxy;
			containerPortal = B3D400342812B1C2007B4A38 /* Project object */;
			proxyType = 1;
			remoteGlobalIDString = B3D4003B2812B1C2007B4A38;
			remoteInfo = sample;
		};
/* End PBXContainerItemProxy section */

/* Begin PBXFileReference section */
		B3D4003C2812B1C2007B4A38 /* sample.app */ = {isa = PBXFileReference; explicitFileType = wrapper.application; includeInIndex = 0; path = sample.app; sourceTree = BUILT_PRODUCTS_DIR; };
		B3D4003F2812B1C2007B4A38 /* AppDelegate.swift */ = {isa = PBXFileReference; lastKnownFileType = sourcecode.swift; path = AppDelegate.swift; sourceTree = "<group>"; };
		B3D400412812B1C2007B4A38 /* SceneDelegate.swift */ = {isa = PBXFileReference; lastKnownFileType = sourcecode.swift; path = SceneDelegate.swift; sourceTree = "<group>"; };
		B3D400432812B1C2007B4A38 /* ViewController.swift */ = {isa = PBXFileReference; lastKnownFileType = sourcecode.swift; path = ViewController.swift; sourceTree = "<group>"; };
		B3D400462812B1C2007B4A38 /* Base */ = {isa = PBXFileReference; lastKnownFileType = file.storyboard; name = Base; path = Base.lproj/Main.storyboard; sourceTree = "<group>"; };
		B3D400482812B1C5007B4A38 /* Assets.xcassets */ = {isa = PBXFileReference; lastKnownFileType = folder.assetcatalog; path = Assets.xcassets; sourceTree = "<group>"; };
		B3D4004B2812B1C5007B4A38 /* Base */ = {isa = PBXFileReference; lastKnownFileType = file.storyboard; name = Base; path = Base.lproj/LaunchScreen.storyboard; sourceTree = "<group>"; };
		B3D4004D2812B1C5007B4A38 /* Info.plist */ = {isa = PBXFileReference; lastKnownFileType = text.plist.xml; path = Info.plist; sourceTree = "<group>"; };
		B3D400522812B1C5007B4A38 /* sampleTests.xctest */ = {isa = PBXFileReference; explicitFileType = wrapper.cfbundle; includeInIndex = 0; path = sampleTests.xctest; sourceTree = BUILT_PRODUCTS_DIR; };
		B3D400562812B1C5007B4A38 /* sampleTests.swift */ = {isa = PBXFileReference; lastKnownFileType = sourcecode.swift; path = sampleTests.swift; sourceTree = "<group>"; };
		B3D400582812B1C5007B4A38 /* Info.plist */ = {isa = PBXFileReference; lastKnownFileType = text.plist.xml; path = Info.plist; sourceTree = "<group>"; };
		B3D4005D2812B1C5007B4A38 /* sampleUITests.xctest */ = {isa = PBXFileReference; explicitFileType = wrapper.cfbundle; includeInIndex = 0; path = sampleUITests.xctest; sourceTree = BUILT_PRODUCTS_DIR; };
		B3D400612812B1C5007B4A38 /* sampleUITests.swift */ = {isa = PBXFileReference; lastKnownFileType = sourcecode.swift; path = sampleUITests.swift; sourceTree = "<group>"; };
		B3D400632812B1C5007B4A38 /* Info.plist */ = {isa = PBXFileReference; lastKnownFileType = text.plist.xml; path = Info.plist; sourceTree = "<group>"; };
/* End PBXFileReference section */

/* Begin PBXFrameworksBuildPhase section */
		B3D400392812B1C2007B4A38 /* Frameworks */ = {
			isa = PBXFrameworksBuildPhase;
			buildActionMask = 2147483647;
			files = (
			);
			runOnlyForDeploymentPostprocessing = 0;
		};
		B3D4004F2812B1C5007B4A38 /* Frameworks */ = {
			isa = PBXFrameworksBuildPhase;
			buildActionMask = 2147483647;
			files = (
			);
			runOnlyForDeploymentPostprocessing = 0;
		};
		B3D4005A2812B1C5007B4A38 /* Frameworks */ = {
			isa = PBXFrameworksBuildPhase;
			buildActionMask = 2147483647;
			files = (
			);
			runOnlyForDeploymentPostprocessing = 0;
		};
/* End PBXFrameworksBuildPhase section */

/* Begin PBXGroup section */
		B3D400332812B1C2007B4A38 = {
			isa = PBXGroup;
			children = (
				B3D4003E2812B1C2007B4A38 /* sample */,
				B3D400552812B1C5007B4A38 /* sampleTests */,
				B3D400602812B1C5007B4A38 /* sampleUITests */,
				B3D4003D2812B1C2007B4A38 /* Products */,
			);
			sourceTree = "<group>";
		};
		B3D4003D2812B1C2007B4A38 /* Products */ = {
			isa = PBXGroup;
			children = (
				B3D4003C2812B1C2007B4A38 /* sample.app */,
				B3D400522812B1C5007B4A38 /* sampleTests.xctest */,
				B3D4005D2812B1C5007B4A38 /* sampleUITests.xctest */,
			);
			name = Products;
			sourceTree = "<group>";
		};
		B3D4003E2812B1C2007B4A38 /* sample */ = {
			isa = PBXGroup;
			children = (
				B3D4003F2812B1C2007B4A38 /* AppDelegate.swift */,
				B3D400412812B1C2007B4A38 /* SceneDelegate.swift */,
				B3D400432812B1C2007B4A38 /* ViewController.swift */,
				B3D400452812B1C2007B4A38 /* Main.storyboard */,
				B3D400482812B1C5007B4A38 /* Assets.xcassets */,
				B3D4004A2812B1C5007B4A38 /* LaunchScreen.storyboard */,
				B3D4004D2812B1C5007B4A38 /* Info.plist */,
			);
			path = sample;
			sourceTree = "<group>";
		};
		B3D400552812B1C5007B4A38 /* sampleTests */ = {
			isa = PBXGroup;
			children = (
				B3D400562812B1C5007B4A38 /* sampleTests.swift */,
				B3D400582812B1C5007B4A38 /* Info.plist */,
			);
			path = sampleTests;
			sourceTree = "<group>";
		};
		B3D400602812B1C5007B4A38 /* sampleUITests */ = {
			isa = PBXGroup;
			children = (
				B3D400612812B1C5007B4A38 /* sampleUITests.swift */,
				B3D400632812B1C5007B4A38 /* Info.plist */,
			);
			path = sampleUITests;
			sourceTree = "<group>";
		};
/* End PBXGroup section */

/* Begin PBXNativeTarget section */
		B3D4003B2812B1C2007B4A38 /* sample */ = {
			isa = PBXNativeTarget;
			buildConfigurationList = B3D400662812B1C5007B4A38 /* Build configuration list for PBXNativeTarget "sample" */;
			buildPhases = (
				B3D400382812B1C2007B4A38 /* Sources */,
				B3D400392812B1C2007B4A38 /* Frameworks */,
				B3D4003A2812B1C2007B4A38 /* Resources */,
			);
			buildRules = (
			);
			dependencies = (
			);
			name = sample;
			productName = sample;
			productReference = B3D4003C2812B1C2007B4A38 /* sample.app */;
			productType = "com.apple.product-type.application";
		};
		B3D400512812B1C5007B4A38 /* sampleTests */ = {
			isa = PBXNativeTarget;
			buildConfigurationList = B3D400692812B1C5007B4A38 /* Build configuration list for PBXNativeTarget "sampleTests" */;
			buildPhases = (
				B3D4004E2812B1C5007B4A38 /* Sources */,
				B3D4004F2812B1C5007B4A38 /* Frameworks */,
				B3D400502812B1C5007B4A38 /* Resources */,
			);
			buildRules = (
			);
			dependencies = (
				B3D400542812B1C5007B4A38 /* PBXTargetDependency */,
			);
			name = sampleTests;
			productName = sampleTests;
			productReference = B3D400522812B1C5007B4A38 /* sampleTests.xctest */;
			productType = "com.apple.product-type.bundle.unit-test";
		};
		B3D4005C2812B1C5007B4A38 /* sampleUITests */ = {
			isa = PBXNativeTarget;
			buildConfigurationList = B3D4006C2812B1C5007B4A38 /* Build configuration list for PBXNativeTarget "sampleUITests" */;
			buildPhases = (
				B3D400592812B1C5007B4A38 /* Sources */,
				B3D4005A2812B1C5007B4A38 /* Frameworks */,
				B3D4005B2812B1C5007B4A38 /* Resources */,
			);
			buildRules = (
			);
			dependencies = (
				B3D4005F2812B1C5007B4A38 /* PBXTargetDependency */,
			);
			name = sampleUITests;
			productName = sampleUITests;
			productReference = B3D4005D2812B1C5007B4A38 /* sampleUITests.xctest */;
			productType = "com.apple.product-type.bundle.ui-testing";
		};
/* End PBXNativeTarget section */

/* Begin PBXProject section */
		B3D400342812B1C2007B4A38 /* Project object */ = {
			isa = PBXProject;
			attributes = {
				LastSwiftUpdateCheck = 1250;
				LastUpgradeCheck = 1250;
				TargetAttributes = {
					B3D4003B2812B1C2007B4A38 = {
						CreatedOnToolsVersion = 12.5.1;
					};
					B3D400512812B1C5007B4A38 = {
						CreatedOnToolsVersion = 12.5.1;
						TestTargetID = B3D4003B2812B1C2007B4A38;
					};
					B3D4005C2812B1C5007B4A38 = {
						CreatedOnToolsVersion = 12.5.1;
						TestTargetID = B3D4003B2812B1C2007B4A38;
					};
				};
			};
			buildConfigurationList = B3D400372812B1C2007B4A38 /* Build configuration list for PBXProject "sample" */;
			compatibilityVersion = "Xcode 9.3";
			developmentRegion = en;
			hasScannedForEncodings = 0;
			knownRegions = (
				en,
				Base,
			);
			mainGroup = B3D400332812B1C2007B4A38;
			productRefGroup = B3D4003D2812B1C2007B4A38 /* Products */;
			projectDirPath = "";
			projectRoot = "";
			targets = (
				B3D4003B2812B1C2007B4A38 /* sample */,
				B3D400512812B1C5007B4A38 /* sampleTests */,
				B3D4005C2812B1C5007B4A38 /* sampleUITests */,
			);
		};
/* End PBXProject section */

/* Begin PBXResourcesBuildPhase section */
		B3D4003A2812B1C2007B4A38 /* Resources */ = {
			isa = PBXResourcesBuildPhase;
			buildActionMask = 2147483647;
			files = (
				B3D4004C2812B1C5007B4A38 /* LaunchScreen.storyboard in Resources */,
				B3D400492812B1C5007B4A38 /* Assets.xcassets in Resources */,
				B3D400472812B1C2007B4A38 /* Main.storyboard in Resources */,
			);
			runOnlyForDeploymentPostprocessing = 0;
		};
		B3D400502812B1C5007B4A38 /* Resources */ = {
			isa = PBXResourcesBuildPhase;
			buildActionMask = 2147483647;
			files = (
			);
			runOnlyForDeploymentPostprocessing = 0;
		};
		B3D4005B2812B1C5007B4A38 /* Resources */ = {
			isa = PBXResourcesBuildPhase;
			buildActionMask = 2147483647;
			files = (
			);
			runOnlyForDeploymentPostprocessing = 0;
		};
/* End PBXResourcesBuildPhase section */

/* Begin PBXSourcesBuildPhase section */
		B3D400382812B1C2007B4A38 /* Sources */ = {
			isa = PBXSourcesBuildPhase;
			buildActionMask = 2147483647;
			files = (
				B3D400442812B1C2007B4A38 /* ViewController.swift in Sources */,
				B3D400402812B1C2007B4A38 /* AppDelegate.swift in Sources */,
				B3D400422812B1C2007B4A38 /* SceneDelegate.swift in Sources */,
			);
			runOnlyForDeploymentPostprocessing = 0;
		};
		B3D4004E2812B1C5007B4A38 /* Sources */ = {
			isa = PBXSourcesBuildPhase;
			buildActionMask = 2147483647;
			files = (
				B3D400572812B1C5007B4A38 /* sampleTests.swift in Sources */,
			);
			runOnlyForDeploymentPostprocessing = 0;
		};
		B3D400592812B1C5007B4A38 /* Sources */ = {
			isa = PBXSourcesBuildPhase;
			buildActionMask = 2147483647;
			files = (
				B3D400622812B1C5007B4A38 /* sampleUITests.swift in Sources */,
			);
			runOnlyForDeploymentPostprocessing = 0;
		};
/* End PBXSourcesBuildPhase section */

/* Begin PBXTargetDependency section */
		B3D400542812B1C5007B4A38 /* PBXTargetDependency */ = {
			isa = PBXTargetDependency;
			target = B3D4003B2812B1C2007B4A38 /* sample */;
			targetProxy = B3D400532812B1C5007B4A38 /* PBXContainerItemProxy */;
		};
		B3D4005F2812B1C5007B4A38 /* PBXTargetDependency */ = {
			isa = PBXTargetDependency;
			target = B3D4003B2812B1C2007B4A38 /* sample */;
			targetProxy = B3D4005E2812B1C5007B4A38 /* PBXContainerItemProxy */;
		};
/* End PBXTargetDependency section */

/* Begin PBXVariantGroup section */
		B3D400452812B1C2007B4A38 /* Main.storyboard */ = {
			isa = PBXVariantGroup;
			children = (
				B3D400462812B1C2007B4A38 /* Base */,
			);
			name = Main.storyboard;
			sourceTree = "<group>";
		};
		B3D4004A2812B1C5007B4A38 /* LaunchScreen.storyboard */ = {
			isa = PBXVariantGroup;
			children = (
				B3D4004B2812B1C5007B4A38 /* Base */,
			);
			name = LaunchScreen.storyboard;
			sourceTree = "<group>";
		};
/* End PBXVariantGroup section */

/* Begin XCBuildConfiguration section */
		B3D400642812B1C5007B4A38 /* Debug */ = {
			isa = XCBuildConfiguration;
			buildSettings = {
				ALWAYS_SEARCH_USER_PATHS = NO;
				CLANG_ANALYZER_NONNULL = YES;
				CLANG_ANALYZER_NUMBER_OBJECT_CONVERSION = YES_AGGRESSIVE;
				CLANG_CXX_LANGUAGE_STANDARD = "gnu++14";
				CLANG_CXX_LIBRARY = "libc++";
				CLANG_ENABLE_MODULES = YES;
				CLANG_ENABLE_OBJC_ARC = YES;
				CLANG_ENABLE_OBJC_WEAK = YES;
				CLANG_WARN_BLOCK_CAPTURE_AUTORELEASING = YES;
				CLANG_WARN_BOOL_CONVERSION = YES;
				CLANG_WARN_COMMA = YES;
				CLANG_WARN_CONSTANT_CONVERSION = YES;
				CLANG_WARN_DEPRECATED_OBJC_IMPLEMENTATIONS = YES;
				CLANG_WARN_DIRECT_OBJC_ISA_USAGE = YES_ERROR;
				CLANG_WARN_DOCUMENTATION_COMMENTS = YES;
				CLANG_WARN_EMPTY_BODY = YES;
				CLANG_WARN_ENUM_CONVERSION = YES;
				CLANG_WARN_INFINITE_RECURSION = YES;
				CLANG_WARN_INT_CONVERSION = YES;
				CLANG_WARN_NON_LITERAL_NULL_CONVERSION = YES;
				CLANG_WARN_OBJC_IMPLICIT_RETAIN_SELF = YES;
				CLANG_WARN_OBJC_LITERAL_CONVERSION = YES;
				CLANG_WARN_OBJC_ROOT_CLASS = YES_ERROR;
				CLANG_WARN_QUOTED_INCLUDE_IN_FRAMEWORK_HEADER = YES;
				CLANG_WARN_RANGE_LOOP_ANALYSIS = YES;
				CLANG_WARN_STRICT_PROTOTYPES = YES;
				CLANG_WARN_SUSPICIOUS_MOVE = YES;
				CLANG_WARN_UNGUARDED_AVAILABILITY = YES_AGGRESSIVE;
				CLANG_WARN_UNREACHABLE_CODE = YES;
				CLANG_WARN__DUPLICATE_METHOD_MATCH = YES;
				COPY_PHASE_STRIP = NO;
				DEBUG_INFORMATION_FORMAT = dwarf;
				ENABLE_STRICT_OBJC_MSGSEND = YES;
				ENABLE_TESTABILITY = YES;
				GCC_C_LANGUAGE_STANDARD = gnu11;
				GCC_DYNAMIC_NO_PIC = NO;
				GCC_NO_COMMON_BLOCKS = YES;
				GCC_OPTIMIZATION_LEVEL = 0;
				GCC_PREPROCESSOR_DEFINITIONS = (
					"DEBUG=1",
					"$(inherited)",
				);
				GCC_WARN_64_TO_32_BIT_CONVERSION = YES;
				GCC_WARN_ABOUT_RETURN_TYPE = YES_ERROR;
				GCC_WARN_UNDECLARED_SELECTOR = YES;
				GCC_WARN_UNINITIALIZED_AUTOS = YES_AGGRESSIVE;
				GCC_WARN_UNUSED_FUNCTION = YES;
				GCC_WARN_UNUSED_VARIABLE = YES;
				IPHONEOS_DEPLOYMENT_TARGET = 14.5;
				MTL_ENABLE_DEBUG_INFO = INCLUDE_SOURCE;
				MTL_FAST_MATH = YES;
				ONLY_ACTIVE_ARCH = YES;
				SDKROOT = iphoneos;
				SWIFT_ACTIVE_COMPILATION_CONDITIONS = DEBUG;
				SWIFT_OPTIMIZATION_LEVEL = "-Onone";
			};
			name = Debug;
		};
		B3D400652812B1C5007B4A38 /* Release */ = {
			isa = XCBuildConfiguration;
			buildSettings = {
				ALWAYS_SEARCH_USER_PATHS = NO;
				CLANG_ANALYZER_NONNULL = YES;
				CLANG_ANALYZER_NUMBER_OBJECT_CONVERSION = YES_AGGRESSIVE;
				CLANG_CXX_LANGUAGE_STANDARD = "gnu++14";
				CLANG_CXX_LIBRARY = "libc++";
				CLANG_ENABLE_MODULES = YES;
				CLANG_ENABLE_OBJC_ARC = YES;
				CLANG_ENABLE_OBJC_WEAK = YES;
				CLANG_WARN_BLOCK_CAPTURE_AUTORELEASING = YES;
				CLANG_WARN_BOOL_CONVERSION = YES;
				CLANG_WARN_COMMA = YES;
				CLANG_WARN_CONSTANT_CONVERSION = YES;
				CLANG_WARN_DEPRECATED_OBJC_IMPLEMENTATIONS = YES;
				CLANG_WARN_DIRECT_OBJC_ISA_USAGE = YES_ERROR;
				CLANG_WARN_DOCUMENTATION_COMMENTS = YES;
				CLANG_WARN_EMPTY_BODY = YES;
				CLANG_WARN_ENUM_CONVERSION = YES;
				CLANG_WARN_INFINITE_RECURSION = YES;
				CLANG_WARN_INT_CONVERSION = YES;
				CLANG_WARN_NON_LITERAL_NULL_CONVERSION = YES;
				CLANG_WARN_OBJC_IMPLICIT_RETAIN_SELF = YES;
				CLANG_WARN_OBJC_LITERAL_CONVERSION = YES;
				CLANG_WARN_OBJC_ROOT_CLASS = YES_ERROR;
				CLANG_WARN_QUOTED_INCLUDE_IN_FRAMEWORK_HEADER = YES;
				CLANG_WARN_RANGE_LOOP_ANALYSIS = YES;
				CLANG_WARN_STRICT_PROTOTYPES = YES;
				CLANG_WARN_SUSPICIOUS_MOVE = YES;
				CLANG_WARN_UNGUARDED_AVAILABILITY = YES_AGGRESSIVE;
				CLANG_WARN_UNREACHABLE_CODE = YES;
				CLANG_WARN__DUPLICATE_METHOD_MATCH = YES;
				COPY_PHASE_STRIP = NO;
				DEBUG_INFORMATION_FORMAT = "dwarf-with-dsym";
				ENABLE_NS_ASSERTIONS = NO;
				ENABLE_STRICT_OBJC_MSGSEND = YES;
				GCC_C_LANGUAGE_STANDARD = gnu11;
				GCC_NO_COMMON_BLOCKS = YES;
				GCC_WARN_64_TO_32_BIT_CONVERSION = YES;
				GCC_WARN_ABOUT_RETURN_TYPE = YES_ERROR;
				GCC_WARN_UNDECLARED_SELECTOR = YES;
				GCC_WARN_UNINITIALIZED_AUTOS = YES_AGGRESSIVE;
				GCC_WARN_UNUSED_FUNCTION = YES;
				GCC_WARN_UNUSED_VARIABLE = YES;
				IPHONEOS_DEPLOYMENT_TARGET = 14.5;
				MTL_ENABLE_DEBUG_INFO = NO;
				MTL_FAST_MATH = YES;
				SDKROOT = iphoneos;
				SWIFT_COMPILATION_MODE = wholemodule;
				SWIFT_OPTIMIZATION_LEVEL = "-O";
				VALIDATE_PRODUCT = YES;
			};
			name = Release;
		};
		B3D400672812B1C5007B4A38 /* Debug */ = {
			isa = XCBuildConfiguration;
			buildSettings = {
				ASSETCATALOG_COMPILER_APPICON_NAME = AppIcon;
				ASSETCATALOG_COMPILER_GLOBAL_ACCENT_COLOR_NAME = AccentColor;
				CODE_SIGN_STYLE = Automatic;
				INFOPLIST_FILE = sample/Info.plist;
				LD_RUNPATH_SEARCH_PATHS = (
					"$(inherited)",
					"@executable_path/Frameworks",
				);
				PRODUCT_BUNDLE_IDENTIFIER = byot.sample;
				PRODUCT_NAME = "$(TARGET_NAME)";
				SWIFT_VERSION = 5.0;
				TARGETED_DEVICE_FAMILY = "1,2";
			};
			name = Debug;
		};
		B3D400682812B1C5007B4A38 /* Release */ = {
			isa = XCBuildConfiguration;
			buildSettings = {
				ASSETCATALOG_COMPILER_APPICON_NAME = AppIcon;
				ASSETCATALOG_COMPILER_GLOBAL_ACCENT_COLOR_NAME = AccentColor;
				CODE_SIGN_STYLE = Automatic;
				INFOPLIST_FILE = sample/Info.plist;
				LD_RUNPATH_SEARCH_PATHS = (
					"$(inherited)",
					"@executable_path/Frameworks",
				);
				PRODUCT_BUNDLE_IDENTIFIER = byot.sample;
				PRODUCT_NAME = "$(TARGET_NAME)";
				SWIFT_VERSION = 5.0;
				TARGETED_DEVICE_FAMILY = "1,2";
			};
			name = Release;
		};
		B3D4006A2812B1C5007B4A38 /* Debug */ = {
			isa = XCBuildConfiguration;
			buildSettings = {
				ALWAYS_EMBED_SWIFT_STANDARD_LIBRARIES = YES;
				BUNDLE_LOADER = "$(TEST_HOST)";
				CODE_SIGN_STYLE = Automatic;
				INFOPLIST_FILE = sampleTests/Info.plist;
				IPHONEOS_DEPLOYMENT_TARGET = 14.5;
				LD_RUNPATH_SEARCH_PATHS = (
					"$(inherited)",
					"@executable_path/Frameworks",
					"@loader_path/Frameworks",
				);
				PRODUCT_BUNDLE_IDENTIFIER = byot.sampleTests;
				PRODUCT_NAME = "$(TARGET_NAME)";
				SWIFT_VERSION = 5.0;
				TARGETED_DEVICE_FAMILY = "1,2";
				TEST_HOST = "$(BUILT_PRODUCTS_DIR)/sample.app/sample";
			};
			name = Debug;
		};
		B3D4006B2812B1C5007B4A38 /* Release */ = {
			isa = XCBuildConfiguration;
			buildSettings = {
				ALWAYS_EMBED_SWIFT_STANDARD_LIBRARIES = YES;
				BUNDLE_LOADER = "$(TEST_HOST)";
				CODE_SIGN_STYLE = Automatic;
				INFOPLIST_FILE = sampleTests/Info.plist;
				IPHONEOS_DEPLOYMENT_TARGET = 14.5;
				LD_RUNPATH_SEARCH_PATHS = (
					"$(inherited)",
					"@executable_path/Frameworks",
					"@loader_path/Frameworks",
				);
				PRODUCT_BUNDLE_IDENTIFIER = byot.sampleTests;
				PRODUCT_NAME = "$(TARGET_NAME)";
				SWIFT_VERSION = 5.0;
				TARGETED_DEVICE_FAMILY = "1,2";
				TEST_HOST = "$(BUILT_PRODUCTS_DIR)/sample.app/sample";
			};
			name = Release;
		};
		B3D4006D2812B1C5007B4A38 /* Debug */ = {
			isa = XCBuildConfiguration;
			buildSettings = {
				ALWAYS_EMBED_SWIFT_STANDARD_LIBRARIES = YES;
				CODE_SIGN_STYLE = Automatic;
				INFOPLIST_FILE = sampleUITests/Info.plist;
				LD_RUNPATH_SEARCH_PATHS = (
					"$(inherited)",
					"@executable_path/Frameworks",
					"@loader_path/Frameworks",
				);
				PRODUCT_BUNDLE_IDENTIFIER = byot.sampleUITests;
				PRODUCT_NAME = "$(TARGET_NAME)";
				SWIFT_VERSION = 5.0;
				TARGETED_DEVICE_FAMILY = "1,2";
				TEST_TARGET_NAME = sample;
			};
			name = Debug;
		};
		B3D4006E2812B1C5007B4A38 /* Release */ = {
			isa = XCBuildConfiguration;
			buildSettings = {
				ALWAYS_EMBED_SWIFT_STANDARD_LIBRARIES = YES;
				CODE_SIGN_STYLE = Automatic;
				INFOPLIST_FILE = sampleUITests/Info.plist;
				LD_RUNPATH_SEARCH_PATHS = (
					"$(inherited)",
					"@executable_path/Frameworks",
					"@loader_path/Frameworks",
				);
				PRODUCT_BUNDLE_IDENTIFIER = byot.sampleUITests;
				PRODUCT_NAME = "$(TARGET_NAME)";
				SWIFT_VERSION = 5.0;
				TARGETED_DEVICE_FAMILY = "1,2";
				TEST_TARGET_NAME = sample;
			};
			name = Release;
		};
/* End XCBuildConfiguration section */

/* Begin XCConfigurationList section */
		B3D400372812B1C2007B4A38 /* Build configuration list for PBXProject "sample" */ = {
			isa = XCConfigurationList;
			buildConfigurations = (
				B3D400642812B1C5007B4A38 /* Debug */,
				B3D400652812B1C5007B4A38 /* Release */,
			);
			defaultConfigurationIsVisible = 0;
			defaultConfigurationName = Release;
		};
		B3D400662812B1C5007B4A38 /* Build configuration list for PBXNativeTarget "sample" */ = {
			isa = XCConfigurationList;
			buildConfigurations = (
				B3D400672812B1C5007B4A38 /* Debug */,
				B3D400682812B1C5007B4A38 /* Release */,
			);
			defaultConfigurationIsVisible = 0;
			defaultConfigurationName = Release;
		};
		B3D400692812B1C5007B4A38 /* Build configuration list for PBXNativeTarget "sampleTests" */ = {
			isa = XCConfigurationList;
			buildConfigurations = (
				B3D4006A2812B1C5007B4A38 /* Debug */,
				B3D4006B2812B1C5007B4A38 /* Release */,
			);
			defaultConfigurationIsVisible = 0;
			defaultConfigurationName = Release;
		};
		B3D4006C2812B1C5007B4A38 /* Build configuration list for PBXNativeTarget "sampleUITests" */ = {
			isa = XCConfigurationList;
			buildConfigurations = (
				B3D4006D2812B1C5007B4A38 /* Debug */,
				B3D4006E2812B1C5007B4A38 /* Release */,
			);
			defaultConfigurationIsVisible = 0;
			defaultConfigurationName = Release;
		};
/* End XCConfigurationList section */
	};
	rootObject = B3D400342812B1C2007B4A38 /* Project object */;
}
